
Microsoft Visual Studio Solution File, Format Version 12.00
# Visual Studio 15
VisualStudioVersion = 15.0.28010.2003
MinimumVisualStudioVersion = 10.0.40219.1
Project("{FAE04EC0-301F-11D3-BF4B-00C04F79EFBC}") = "SourceLinkDemo", "SourceLinkDemo\SourceLinkDemo.csproj", "{31482E82-3F4D-496B-B53A-AC318A7B4DD0}"
EndProject
Global
	GlobalSection(SolutionConfigurationPlatforms) = preSolution
		Debug|Any CPU = Debug|Any CPU
		Release|Any CPU = Release|Any CPU
	EndGlobalSection
	GlobalSection(ProjectConfigurationPlatforms) = postSolution
		{31482E82-3F4D-496B-B53A-AC318A7B4DD0}.Debug|Any CPU.ActiveCfg = Debug|Any CPU
		{31482E82-3F4D-496B-B53A-AC318A7B4DD0}.Debug|Any CPU.Build.0 = Debug|Any CPU
		{31482E82-3F4D-496B-B53A-AC318A7B4DD0}.Release|Any CPU.ActiveCfg = Release|Any CPU
		{31482E82-3F4D-496B-B53A-AC318A7B4DD0}.Release|Any CPU.Build.0 = Release|Any CPU
	EndGlobalSection
	GlobalSection(SolutionProperties) = preSolution
		HideSolutionNode = FALSE
	EndGlobalSection
	GlobalSection(ExtensibilityGlobals) = postSolution
		SolutionGuid = {B62CCD8B-DC54-49B1-A8C3-3BC582CB0C84}
	EndGlobalSection
EndGlobal
